
Microsoft Visual Studio Solution File, Format Version 12.00
# Visual Studio Version 17
VisualStudioVersion = 17.3.32825.248
MinimumVisualStudioVersion = 10.0.40219.1
Project("{9A19103F-16F7-4668-BE54-9A1E7A4F7556}") = "BoxedMirror", "BoxedMirror\BoxedMirror.csproj", "{6E7DF225-4AD0-4B90-A262-851AE3E94D0D}"
EndProject
Project("{9A19103F-16F7-4668-BE54-9A1E7A4F7556}") = "BoxMirror.Service", "BoxMirror.Service\BoxMirror.Service.csproj", "{A8507025-9D38-473A-A28D-45200780082B}"
EndProject
Global
	GlobalSection(SolutionConfigurationPlatforms) = preSolution
		Debug|Any CPU = Debug|Any CPU
		Release|Any CPU = Release|Any CPU
	EndGlobalSection
	GlobalSection(ProjectConfigurationPlatforms) = postSolution
		{6E7DF225-4AD0-4B90-A262-851AE3E94D0D}.Debug|Any CPU.ActiveCfg = Debug|Any CPU
		{6E7DF225-4AD0-4B90-A262-851AE3E94D0D}.Debug|Any CPU.Build.0 = Debug|Any CPU
		{6E7DF225-4AD0-4B90-A262-851AE3E94D0D}.Release|Any CPU.ActiveCfg = Release|Any CPU
		{6E7DF225-4AD0-4B90-A262-851AE3E94D0D}.Release|Any CPU.Build.0 = Release|Any CPU
		{A8507025-9D38-473A-A28D-45200780082B}.Debug|Any CPU.ActiveCfg = Debug|Any CPU
		{A8507025-9D38-473A-A28D-45200780082B}.Debug|Any CPU.Build.0 = Debug|Any CPU
		{A8507025-9D38-473A-A28D-45200780082B}.Release|Any CPU.ActiveCfg = Release|Any CPU
		{A8507025-9D38-473A-A28D-45200780082B}.Release|Any CPU.Build.0 = Release|Any CPU
	EndGlobalSection
	GlobalSection(SolutionProperties) = preSolution
		HideSolutionNode = FALSE
	EndGlobalSection
	GlobalSection(ExtensibilityGlobals) = postSolution
		SolutionGuid = {CE7A2DA3-7D56-49CC-85BD-E4BAFA0921E6}
	EndGlobalSection
EndGlobal
